
Microsoft Visual Studio Solution File, Format Version 12.00
Project("{FAE04EC0-301F-11D3-BF4B-00C04F79EFBC}") = "Lab 1", "Lab 1\Lab 1.csproj", "{DB6D82DC-EEC2-44CF-AF01-0F62F13AB3F1}"
EndProject
Project("{FAE04EC0-301F-11D3-BF4B-00C04F79EFBC}") = "Lab2", "Lab2\Lab2.csproj", "{987D3F7E-C90E-4451-ABDE-D6848AF60804}"
EndProject
Project("{FAE04EC0-301F-11D3-BF4B-00C04F79EFBC}") = "Lab3", "Lab3\Lab3.csproj", "{12A1534B-A3F6-438D-BE7A-1019A5102C1E}"
EndProject
Project("{FAE04EC0-301F-11D3-BF4B-00C04F79EFBC}") = "Lab 4", "Lab 4\Lab 4.csproj", "{44ABB2A1-3A1F-4945-8A42-791BF42756B0}"
EndProject
Project("{FAE04EC0-301F-11D3-BF4B-00C04F79EFBC}") = "Lab 5", "Lab 5\Lab 5.csproj", "{97C75FFB-AB2B-47D0-858F-6CA0D72F7149}"
EndProject
Project("{FAE04EC0-301F-11D3-BF4B-00C04F79EFBC}") = "Lab 6", "Lab 6\Lab 6.csproj", "{8960F074-BFAB-460E-9B05-36AFD8819BB4}"
EndProject
Project("{FAE04EC0-301F-11D3-BF4B-00C04F79EFBC}") = "Lab 7", "Lab 7\Lab 7.csproj", "{9717E97D-FE33-4929-A265-2C9576EFCBC2}"
EndProject
Global
	GlobalSection(SolutionConfigurationPlatforms) = preSolution
		Debug|Any CPU = Debug|Any CPU
		Release|Any CPU = Release|Any CPU
	EndGlobalSection
	GlobalSection(ProjectConfigurationPlatforms) = postSolution
		{DB6D82DC-EEC2-44CF-AF01-0F62F13AB3F1}.Debug|Any CPU.ActiveCfg = Debug|Any CPU
		{DB6D82DC-EEC2-44CF-AF01-0F62F13AB3F1}.Debug|Any CPU.Build.0 = Debug|Any CPU
		{DB6D82DC-EEC2-44CF-AF01-0F62F13AB3F1}.Release|Any CPU.ActiveCfg = Release|Any CPU
		{DB6D82DC-EEC2-44CF-AF01-0F62F13AB3F1}.Release|Any CPU.Build.0 = Release|Any CPU
		{987D3F7E-C90E-4451-ABDE-D6848AF60804}.Debug|Any CPU.ActiveCfg = Debug|Any CPU
		{987D3F7E-C90E-4451-ABDE-D6848AF60804}.Debug|Any CPU.Build.0 = Debug|Any CPU
		{987D3F7E-C90E-4451-ABDE-D6848AF60804}.Release|Any CPU.ActiveCfg = Release|Any CPU
		{987D3F7E-C90E-4451-ABDE-D6848AF60804}.Release|Any CPU.Build.0 = Release|Any CPU
		{12A1534B-A3F6-438D-BE7A-1019A5102C1E}.Debug|Any CPU.ActiveCfg = Debug|Any CPU
		{12A1534B-A3F6-438D-BE7A-1019A5102C1E}.Debug|Any CPU.Build.0 = Debug|Any CPU
		{12A1534B-A3F6-438D-BE7A-1019A5102C1E}.Release|Any CPU.ActiveCfg = Release|Any CPU
		{12A1534B-A3F6-438D-BE7A-1019A5102C1E}.Release|Any CPU.Build.0 = Release|Any CPU
		{44ABB2A1-3A1F-4945-8A42-791BF42756B0}.Debug|Any CPU.ActiveCfg = Debug|Any CPU
		{44ABB2A1-3A1F-4945-8A42-791BF42756B0}.Debug|Any CPU.Build.0 = Debug|Any CPU
		{44ABB2A1-3A1F-4945-8A42-791BF42756B0}.Release|Any CPU.ActiveCfg = Release|Any CPU
		{44ABB2A1-3A1F-4945-8A42-791BF42756B0}.Release|Any CPU.Build.0 = Release|Any CPU
		{97C75FFB-AB2B-47D0-858F-6CA0D72F7149}.Debug|Any CPU.ActiveCfg = Debug|Any CPU
		{97C75FFB-AB2B-47D0-858F-6CA0D72F7149}.Debug|Any CPU.Build.0 = Debug|Any CPU
		{97C75FFB-AB2B-47D0-858F-6CA0D72F7149}.Release|Any CPU.ActiveCfg = Release|Any CPU
		{97C75FFB-AB2B-47D0-858F-6CA0D72F7149}.Release|Any CPU.Build.0 = Release|Any CPU
		{8960F074-BFAB-460E-9B05-36AFD8819BB4}.Debug|Any CPU.ActiveCfg = Debug|Any CPU
		{8960F074-BFAB-460E-9B05-36AFD8819BB4}.Debug|Any CPU.Build.0 = Debug|Any CPU
		{8960F074-BFAB-460E-9B05-36AFD8819BB4}.Release|Any CPU.ActiveCfg = Release|Any CPU
		{8960F074-BFAB-460E-9B05-36AFD8819BB4}.Release|Any CPU.Build.0 = Release|Any CPU
		{9717E97D-FE33-4929-A265-2C9576EFCBC2}.Debug|Any CPU.ActiveCfg = Debug|Any CPU
		{9717E97D-FE33-4929-A265-2C9576EFCBC2}.Debug|Any CPU.Build.0 = Debug|Any CPU
		{9717E97D-FE33-4929-A265-2C9576EFCBC2}.Release|Any CPU.ActiveCfg = Release|Any CPU
		{9717E97D-FE33-4929-A265-2C9576EFCBC2}.Release|Any CPU.Build.0 = Release|Any CPU
	EndGlobalSection
EndGlobal
